{
  "object": {
    "pins": [
      {
        "package": "HYImageBrowser",
        "repositoryURL": "https://github.com/yansaid/HYImageBrowser.git",
        "state": {
          "branch": null,
          "revision": "3a3d79edf754f0fe7d8780b73a02312a434794b1",
          "version": "2.0.0"
        }
      },
      {
        "package": "Kingfisher",
        "repositoryURL": "https://github.com/onevcat/Kingfisher.git",
        "state": {
          "branch": null,
          "revision": "9c039c8d8d2aa349b326c1059702d9f1b83bdb82",
          "version": "5.8.3"
        }
      },
      {
        "package": "RxSwift",
        "repositoryURL": "https://github.com/ReactiveX/RxSwift.git",
        "state": {
          "branch": null,
          "revision": "b3e888b4972d9bc76495dd74d30a8c7fad4b9395",
          "version": "5.0.1"
        }
      },
      {
        "package": "SPM_OCTest",
        "repositoryURL": "https://github.com/yansaid/SPM_OCTest.git",
        "state": {
          "branch": null,
          "revision": "139b8f16c88e27f23829ca12c8e7dda3e3081ece",
          "version": "1.0.0"
        }
      }
    ]
  },
  "version": 1
}
