// !$*UTF8*$!
{
	archiveVersion = 1;
	classes = {
	};
	objectVersion = 50;
	objects = {

/* Begin PBXBuildFile section */
		EE49C4D623D1873300022249 /* main.swift in Sources */ = {isa = PBXBuildFile; fileRef = EE49C4D523D1873300022249 /* main.swift */; };
		EE49C4DD23D18A1900022249 /* Os_unfair_lock_test.swift in Sources */ = {isa = PBXBuildFile; fileRef = EE49C4DC23D18A1900022249 /* Os_unfair_lock_test.swift */; };
		EE49C4DF23D18CA400022249 /* Pthread_mutex_test.swift in Sources */ = {isa = PBXBuildFile; fileRef = EE49C4DE23D18CA400022249 /* Pthread_mutex_test.swift */; };
		EE49C4E123D191F100022249 /* DispatchSemaphore_test.swift in Sources */ = {isa = PBXBuildFile; fileRef = EE49C4E023D191F100022249 /* DispatchSemaphore_test.swift */; };
		EE49C4E323D1952F00022249 /* DispatchQueue_lock_test.swift in Sources */ = {isa = PBXBuildFile; fileRef = EE49C4E223D1952F00022249 /* DispatchQueue_lock_test.swift */; };
/* End PBXBuildFile section */

/* Begin PBXCopyFilesBuildPhase section */
		EE49C4D023D1873300022249 /* CopyFiles */ = {
			isa = PBXCopyFilesBuildPhase;
			buildActionMask = 2147483647;
			dstPath = /usr/share/man/man1/;
			dstSubfolderSpec = 0;
			files = (
			);
			runOnlyForDeploymentPostprocessing = 1;
		};
/* End PBXCopyFilesBuildPhase section */

/* Begin PBXFileReference section */
		EE49C4D223D1873300022249 /* Lock */ = {isa = PBXFileReference; explicitFileType = "compiled.mach-o.executable"; includeInIndex = 0; path = Lock; sourceTree = BUILT_PRODUCTS_DIR; };
		EE49C4D523D1873300022249 /* main.swift */ = {isa = PBXFileReference; lastKnownFileType = sourcecode.swift; path = main.swift; sourceTree = "<group>"; };
		EE49C4DC23D18A1900022249 /* Os_unfair_lock_test.swift */ = {isa = PBXFileReference; lastKnownFileType = sourcecode.swift; path = Os_unfair_lock_test.swift; sourceTree = "<group>"; };
		EE49C4DE23D18CA400022249 /* Pthread_mutex_test.swift */ = {isa = PBXFileReference; lastKnownFileType = sourcecode.swift; path = Pthread_mutex_test.swift; sourceTree = "<group>"; };
		EE49C4E023D191F100022249 /* DispatchSemaphore_test.swift */ = {isa = PBXFileReference; lastKnownFileType = sourcecode.swift; path = DispatchSemaphore_test.swift; sourceTree = "<group>"; };
		EE49C4E223D1952F00022249 /* DispatchQueue_lock_test.swift */ = {isa = PBXFileReference; lastKnownFileType = sourcecode.swift; path = DispatchQueue_lock_test.swift; sourceTree = "<group>"; };
/* End PBXFileReference section */

/* Begin PBXFrameworksBuildPhase section */
		EE49C4CF23D1873300022249 /* Frameworks */ = {
			isa = PBXFrameworksBuildPhase;
			buildActionMask = 2147483647;
			files = (
			);
			runOnlyForDeploymentPostprocessing = 0;
		};
/* End PBXFrameworksBuildPhase section */

/* Begin PBXGroup section */
		EE49C4C923D1873300022249 = {
			isa = PBXGroup;
			children = (
				EE49C4D423D1873300022249 /* Lock */,
				EE49C4D323D1873300022249 /* Products */,
			);
			sourceTree = "<group>";
		};
		EE49C4D323D1873300022249 /* Products */ = {
			isa = PBXGroup;
			children = (
				EE49C4D223D1873300022249 /* Lock */,
			);
			name = Products;
			sourceTree = "<group>";
		};
		EE49C4D423D1873300022249 /* Lock */ = {
			isa = PBXGroup;
			children = (
				EE49C4D523D1873300022249 /* main.swift */,
				EE49C4DC23D18A1900022249 /* Os_unfair_lock_test.swift */,
				EE49C4DE23D18CA400022249 /* Pthread_mutex_test.swift */,
				EE49C4E023D191F100022249 /* DispatchSemaphore_test.swift */,
				EE49C4E223D1952F00022249 /* DispatchQueue_lock_test.swift */,
			);
			path = Lock;
			sourceTree = "<group>";
		};
/* End PBXGroup section */

/* Begin PBXNativeTarget section */
		EE49C4D123D1873300022249 /* Lock */ = {
			isa = PBXNativeTarget;
			buildConfigurationList = EE49C4D923D1873300022249 /* Build configuration list for PBXNativeTarget "Lock" */;
			buildPhases = (
				EE49C4CE23D1873300022249 /* Sources */,
				EE49C4CF23D1873300022249 /* Frameworks */,
				EE49C4D023D1873300022249 /* CopyFiles */,
			);
			buildRules = (
			);
			dependencies = (
			);
			name = Lock;
			productName = Lock;
			productReference = EE49C4D223D1873300022249 /* Lock */;
			productType = "com.apple.product-type.tool";
		};
/* End PBXNativeTarget section */

/* Begin PBXProject section */
		EE49C4CA23D1873300022249 /* Project object */ = {
			isa = PBXProject;
			attributes = {
				LastSwiftUpdateCheck = 1130;
				LastUpgradeCheck = 1130;
				ORGANIZATIONNAME = cn.com.yan;
				TargetAttributes = {
					EE49C4D123D1873300022249 = {
						CreatedOnToolsVersion = 11.3.1;
					};
				};
			};
			buildConfigurationList = EE49C4CD23D1873300022249 /* Build configuration list for PBXProject "Lock" */;
			compatibilityVersion = "Xcode 9.3";
			developmentRegion = en;
			hasScannedForEncodings = 0;
			knownRegions = (
				en,
				Base,
			);
			mainGroup = EE49C4C923D1873300022249;
			productRefGroup = EE49C4D323D1873300022249 /* Products */;
			projectDirPath = "";
			projectRoot = "";
			targets = (
				EE49C4D123D1873300022249 /* Lock */,
			);
		};
/* End PBXProject section */

/* Begin PBXSourcesBuildPhase section */
		EE49C4CE23D1873300022249 /* Sources */ = {
			isa = PBXSourcesBuildPhase;
			buildActionMask = 2147483647;
			files = (
				EE49C4D623D1873300022249 /* main.swift in Sources */,
				EE49C4DF23D18CA400022249 /* Pthread_mutex_test.swift in Sources */,
				EE49C4E323D1952F00022249 /* DispatchQueue_lock_test.swift in Sources */,
				EE49C4E123D191F100022249 /* DispatchSemaphore_test.swift in Sources */,
				EE49C4DD23D18A1900022249 /* Os_unfair_lock_test.swift in Sources */,
			);
			runOnlyForDeploymentPostprocessing = 0;
		};
/* End PBXSourcesBuildPhase section */

/* Begin XCBuildConfiguration section */
		EE49C4D723D1873300022249 /* Debug */ = {
			isa = XCBuildConfiguration;
			buildSettings = {
				ALWAYS_SEARCH_USER_PATHS = NO;
				CLANG_ANALYZER_NONNULL = YES;
				CLANG_ANALYZER_NUMBER_OBJECT_CONVERSION = YES_AGGRESSIVE;
				CLANG_CXX_LANGUAGE_STANDARD = "gnu++14";
				CLANG_CXX_LIBRARY = "libc++";
				CLANG_ENABLE_MODULES = YES;
				CLANG_ENABLE_OBJC_ARC = YES;
				CLANG_ENABLE_OBJC_WEAK = YES;
				CLANG_WARN_BLOCK_CAPTURE_AUTORELEASING = YES;
				CLANG_WARN_BOOL_CONVERSION = YES;
				CLANG_WARN_COMMA = YES;
				CLANG_WARN_CONSTANT_CONVERSION = YES;
				CLANG_WARN_DEPRECATED_OBJC_IMPLEMENTATIONS = YES;
				CLANG_WARN_DIRECT_OBJC_ISA_USAGE = YES_ERROR;
				CLANG_WARN_DOCUMENTATION_COMMENTS = YES;
				CLANG_WARN_EMPTY_BODY = YES;
				CLANG_WARN_ENUM_CONVERSION = YES;
				CLANG_WARN_INFINITE_RECURSION = YES;
				CLANG_WARN_INT_CONVERSION = YES;
				CLANG_WARN_NON_LITERAL_NULL_CONVERSION = YES;
				CLANG_WARN_OBJC_IMPLICIT_RETAIN_SELF = YES;
				CLANG_WARN_OBJC_LITERAL_CONVERSION = YES;
				CLANG_WARN_OBJC_ROOT_CLASS = YES_ERROR;
				CLANG_WARN_RANGE_LOOP_ANALYSIS = YES;
				CLANG_WARN_STRICT_PROTOTYPES = YES;
				CLANG_WARN_SUSPICIOUS_MOVE = YES;
				CLANG_WARN_UNGUARDED_AVAILABILITY = YES_AGGRESSIVE;
				CLANG_WARN_UNREACHABLE_CODE = YES;
				CLANG_WARN__DUPLICATE_METHOD_MATCH = YES;
				COPY_PHASE_STRIP = NO;
				DEBUG_INFORMATION_FORMAT = dwarf;
				ENABLE_STRICT_OBJC_MSGSEND = YES;
				ENABLE_TESTABILITY = YES;
				GCC_C_LANGUAGE_STANDARD = gnu11;
				GCC_DYNAMIC_NO_PIC = NO;
				GCC_NO_COMMON_BLOCKS = YES;
				GCC_OPTIMIZATION_LEVEL = 0;
				GCC_PREPROCESSOR_DEFINITIONS = (
					"DEBUG=1",
					"$(inherited)",
				);
				GCC_WARN_64_TO_32_BIT_CONVERSION = YES;
				GCC_WARN_ABOUT_RETURN_TYPE = YES_ERROR;
				GCC_WARN_UNDECLARED_SELECTOR = YES;
				GCC_WARN_UNINITIALIZED_AUTOS = YES_AGGRESSIVE;
				GCC_WARN_UNUSED_FUNCTION = YES;
				GCC_WARN_UNUSED_VARIABLE = YES;
				MACOSX_DEPLOYMENT_TARGET = 10.15;
				MTL_ENABLE_DEBUG_INFO = INCLUDE_SOURCE;
				MTL_FAST_MATH = YES;
				ONLY_ACTIVE_ARCH = YES;
				SDKROOT = macosx;
				SWIFT_ACTIVE_COMPILATION_CONDITIONS = DEBUG;
				SWIFT_OPTIMIZATION_LEVEL = "-Onone";
			};
			name = Debug;
		};
		EE49C4D823D1873300022249 /* Release */ = {
			isa = XCBuildConfiguration;
			buildSettings = {
				ALWAYS_SEARCH_USER_PATHS = NO;
				CLANG_ANALYZER_NONNULL = YES;
				CLANG_ANALYZER_NUMBER_OBJECT_CONVERSION = YES_AGGRESSIVE;
				CLANG_CXX_LANGUAGE_STANDARD = "gnu++14";
				CLANG_CXX_LIBRARY = "libc++";
				CLANG_ENABLE_MODULES = YES;
				CLANG_ENABLE_OBJC_ARC = YES;
				CLANG_ENABLE_OBJC_WEAK = YES;
				CLANG_WARN_BLOCK_CAPTURE_AUTORELEASING = YES;
				CLANG_WARN_BOOL_CONVERSION = YES;
				CLANG_WARN_COMMA = YES;
				CLANG_WARN_CONSTANT_CONVERSION = YES;
				CLANG_WARN_DEPRECATED_OBJC_IMPLEMENTATIONS = YES;
				CLANG_WARN_DIRECT_OBJC_ISA_USAGE = YES_ERROR;
				CLANG_WARN_DOCUMENTATION_COMMENTS = YES;
				CLANG_WARN_EMPTY_BODY = YES;
				CLANG_WARN_ENUM_CONVERSION = YES;
				CLANG_WARN_INFINITE_RECURSION = YES;
				CLANG_WARN_INT_CONVERSION = YES;
				CLANG_WARN_NON_LITERAL_NULL_CONVERSION = YES;
				CLANG_WARN_OBJC_IMPLICIT_RETAIN_SELF = YES;
				CLANG_WARN_OBJC_LITERAL_CONVERSION = YES;
				CLANG_WARN_OBJC_ROOT_CLASS = YES_ERROR;
				CLANG_WARN_RANGE_LOOP_ANALYSIS = YES;
				CLANG_WARN_STRICT_PROTOTYPES = YES;
				CLANG_WARN_SUSPICIOUS_MOVE = YES;
				CLANG_WARN_UNGUARDED_AVAILABILITY = YES_AGGRESSIVE;
				CLANG_WARN_UNREACHABLE_CODE = YES;
				CLANG_WARN__DUPLICATE_METHOD_MATCH = YES;
				COPY_PHASE_STRIP = NO;
				DEBUG_INFORMATION_FORMAT = "dwarf-with-dsym";
				ENABLE_NS_ASSERTIONS = NO;
				ENABLE_STRICT_OBJC_MSGSEND = YES;
				GCC_C_LANGUAGE_STANDARD = gnu11;
				GCC_NO_COMMON_BLOCKS = YES;
				GCC_WARN_64_TO_32_BIT_CONVERSION = YES;
				GCC_WARN_ABOUT_RETURN_TYPE = YES_ERROR;
				GCC_WARN_UNDECLARED_SELECTOR = YES;
				GCC_WARN_UNINITIALIZED_AUTOS = YES_AGGRESSIVE;
				GCC_WARN_UNUSED_FUNCTION = YES;
				GCC_WARN_UNUSED_VARIABLE = YES;
				MACOSX_DEPLOYMENT_TARGET = 10.15;
				MTL_ENABLE_DEBUG_INFO = NO;
				MTL_FAST_MATH = YES;
				SDKROOT = macosx;
				SWIFT_COMPILATION_MODE = wholemodule;
				SWIFT_OPTIMIZATION_LEVEL = "-O";
			};
			name = Release;
		};
		EE49C4DA23D1873300022249 /* Debug */ = {
			isa = XCBuildConfiguration;
			buildSettings = {
				CODE_SIGN_STYLE = Automatic;
				DEVELOPMENT_TEAM = W4JY5996A9;
				ENABLE_HARDENED_RUNTIME = YES;
				PRODUCT_NAME = "$(TARGET_NAME)";
				SWIFT_VERSION = 5.0;
			};
			name = Debug;
		};
		EE49C4DB23D1873300022249 /* Release */ = {
			isa = XCBuildConfiguration;
			buildSettings = {
				CODE_SIGN_STYLE = Automatic;
				DEVELOPMENT_TEAM = W4JY5996A9;
				ENABLE_HARDENED_RUNTIME = YES;
				PRODUCT_NAME = "$(TARGET_NAME)";
				SWIFT_VERSION = 5.0;
			};
			name = Release;
		};
/* End XCBuildConfiguration section */

/* Begin XCConfigurationList section */
		EE49C4CD23D1873300022249 /* Build configuration list for PBXProject "Lock" */ = {
			isa = XCConfigurationList;
			buildConfigurations = (
				EE49C4D723D1873300022249 /* Debug */,
				EE49C4D823D1873300022249 /* Release */,
			);
			defaultConfigurationIsVisible = 0;
			defaultConfigurationName = Release;
		};
		EE49C4D923D1873300022249 /* Build configuration list for PBXNativeTarget "Lock" */ = {
			isa = XCConfigurationList;
			buildConfigurations = (
				EE49C4DA23D1873300022249 /* Debug */,
				EE49C4DB23D1873300022249 /* Release */,
			);
			defaultConfigurationIsVisible = 0;
			defaultConfigurationName = Release;
		};
/* End XCConfigurationList section */
	};
	rootObject = EE49C4CA23D1873300022249 /* Project object */;
}
