PODS:
  - CocoaAsyncSocket (7.6.3)

DEPENDENCIES:
  - CocoaAsyncSocket

SPEC REPOS:
  https://github.com/CocoaPods/Specs.git:
    - CocoaAsyncSocket

SPEC CHECKSUMS:
  CocoaAsyncSocket: eafaa68a7e0ec99ead0a7b35015e0bf25d2c8987

PODFILE CHECKSUM: 11660658c2dd062f4155eeb8004a10935c71d257

COCOAPODS: 1.8.0.beta.1
