// !$*UTF8*$!
{
	archiveVersion = 1;
	classes = {
	};
	objectVersion = 50;
	objects = {

/* Begin PBXBuildFile section */
		EE337F2524722AAA00AAB99F /* AppDelegate.swift in Sources */ = {isa = PBXBuildFile; fileRef = EE337F2424722AAA00AAB99F /* AppDelegate.swift */; };
		EE337F2724722AAA00AAB99F /* SceneDelegate.swift in Sources */ = {isa = PBXBuildFile; fileRef = EE337F2624722AAA00AAB99F /* SceneDelegate.swift */; };
		EE337F2A24722AAA00AAB99F /* SwiftUILearning.xcdatamodeld in Sources */ = {isa = PBXBuildFile; fileRef = EE337F2824722AAA00AAB99F /* SwiftUILearning.xcdatamodeld */; };
		EE337F2C24722AAA00AAB99F /* ContentView.swift in Sources */ = {isa = PBXBuildFile; fileRef = EE337F2B24722AAA00AAB99F /* ContentView.swift */; };
		EE337F2E24722AAC00AAB99F /* Assets.xcassets in Resources */ = {isa = PBXBuildFile; fileRef = EE337F2D24722AAC00AAB99F /* Assets.xcassets */; };
		EE337F3124722AAC00AAB99F /* Preview Assets.xcassets in Resources */ = {isa = PBXBuildFile; fileRef = EE337F3024722AAC00AAB99F /* Preview Assets.xcassets */; };
		EE337F3424722AAC00AAB99F /* LaunchScreen.storyboard in Resources */ = {isa = PBXBuildFile; fileRef = EE337F3224722AAC00AAB99F /* LaunchScreen.storyboard */; };
		EE77D223247BB133005291C6 /* WebView.swift in Sources */ = {isa = PBXBuildFile; fileRef = EE77D222247BB133005291C6 /* WebView.swift */; };
		EE77D225247BB175005291C6 /* local.html in Resources */ = {isa = PBXBuildFile; fileRef = EE77D224247BB175005291C6 /* local.html */; };
/* End PBXBuildFile section */

/* Begin PBXFileReference section */
		EE337F2124722AAA00AAB99F /* SwiftUILearning.app */ = {isa = PBXFileReference; explicitFileType = wrapper.application; includeInIndex = 0; path = SwiftUILearning.app; sourceTree = BUILT_PRODUCTS_DIR; };
		EE337F2424722AAA00AAB99F /* AppDelegate.swift */ = {isa = PBXFileReference; lastKnownFileType = sourcecode.swift; path = AppDelegate.swift; sourceTree = "<group>"; };
		EE337F2624722AAA00AAB99F /* SceneDelegate.swift */ = {isa = PBXFileReference; lastKnownFileType = sourcecode.swift; path = SceneDelegate.swift; sourceTree = "<group>"; };
		EE337F2924722AAA00AAB99F /* SwiftUILearning.xcdatamodel */ = {isa = PBXFileReference; lastKnownFileType = wrapper.xcdatamodel; path = SwiftUILearning.xcdatamodel; sourceTree = "<group>"; };
		EE337F2B24722AAA00AAB99F /* ContentView.swift */ = {isa = PBXFileReference; lastKnownFileType = sourcecode.swift; path = ContentView.swift; sourceTree = "<group>"; };
		EE337F2D24722AAC00AAB99F /* Assets.xcassets */ = {isa = PBXFileReference; lastKnownFileType = folder.assetcatalog; path = Assets.xcassets; sourceTree = "<group>"; };
		EE337F3024722AAC00AAB99F /* Preview Assets.xcassets */ = {isa = PBXFileReference; lastKnownFileType = folder.assetcatalog; path = "Preview Assets.xcassets"; sourceTree = "<group>"; };
		EE337F3324722AAC00AAB99F /* Base */ = {isa = PBXFileReference; lastKnownFileType = file.storyboard; name = Base; path = Base.lproj/LaunchScreen.storyboard; sourceTree = "<group>"; };
		EE337F3524722AAC00AAB99F /* Info.plist */ = {isa = PBXFileReference; lastKnownFileType = text.plist.xml; path = Info.plist; sourceTree = "<group>"; };
		EE77D222247BB133005291C6 /* WebView.swift */ = {isa = PBXFileReference; fileEncoding = 4; lastKnownFileType = sourcecode.swift; path = WebView.swift; sourceTree = "<group>"; };
		EE77D224247BB175005291C6 /* local.html */ = {isa = PBXFileReference; fileEncoding = 4; lastKnownFileType = text.html; path = local.html; sourceTree = "<group>"; };
/* End PBXFileReference section */

/* Begin PBXFrameworksBuildPhase section */
		EE337F1E24722AAA00AAB99F /* Frameworks */ = {
			isa = PBXFrameworksBuildPhase;
			buildActionMask = 2147483647;
			files = (
			);
			runOnlyForDeploymentPostprocessing = 0;
		};
/* End PBXFrameworksBuildPhase section */

/* Begin PBXGroup section */
		EE337F1824722AAA00AAB99F = {
			isa = PBXGroup;
			children = (
				EE337F2324722AAA00AAB99F /* SwiftUILearning */,
				EE337F2224722AAA00AAB99F /* Products */,
			);
			sourceTree = "<group>";
		};
		EE337F2224722AAA00AAB99F /* Products */ = {
			isa = PBXGroup;
			children = (
				EE337F2124722AAA00AAB99F /* SwiftUILearning.app */,
			);
			name = Products;
			sourceTree = "<group>";
		};
		EE337F2324722AAA00AAB99F /* SwiftUILearning */ = {
			isa = PBXGroup;
			children = (
				EE337F2424722AAA00AAB99F /* AppDelegate.swift */,
				EE337F2624722AAA00AAB99F /* SceneDelegate.swift */,
				EE337F2B24722AAA00AAB99F /* ContentView.swift */,
				EE77D222247BB133005291C6 /* WebView.swift */,
				EE337F2D24722AAC00AAB99F /* Assets.xcassets */,
				EE77D224247BB175005291C6 /* local.html */,
				EE337F3224722AAC00AAB99F /* LaunchScreen.storyboard */,
				EE337F3524722AAC00AAB99F /* Info.plist */,
				EE337F2824722AAA00AAB99F /* SwiftUILearning.xcdatamodeld */,
				EE337F2F24722AAC00AAB99F /* Preview Content */,
			);
			path = SwiftUILearning;
			sourceTree = "<group>";
		};
		EE337F2F24722AAC00AAB99F /* Preview Content */ = {
			isa = PBXGroup;
			children = (
				EE337F3024722AAC00AAB99F /* Preview Assets.xcassets */,
			);
			path = "Preview Content";
			sourceTree = "<group>";
		};
/* End PBXGroup section */

/* Begin PBXNativeTarget section */
		EE337F2024722AAA00AAB99F /* SwiftUILearning */ = {
			isa = PBXNativeTarget;
			buildConfigurationList = EE337F3824722AAC00AAB99F /* Build configuration list for PBXNativeTarget "SwiftUILearning" */;
			buildPhases = (
				EE337F1D24722AAA00AAB99F /* Sources */,
				EE337F1E24722AAA00AAB99F /* Frameworks */,
				EE337F1F24722AAA00AAB99F /* Resources */,
			);
			buildRules = (
			);
			dependencies = (
			);
			name = SwiftUILearning;
			productName = SwiftUILearning;
			productReference = EE337F2124722AAA00AAB99F /* SwiftUILearning.app */;
			productType = "com.apple.product-type.application";
		};
/* End PBXNativeTarget section */

/* Begin PBXProject section */
		EE337F1924722AAA00AAB99F /* Project object */ = {
			isa = PBXProject;
			attributes = {
				LastSwiftUpdateCheck = 1140;
				LastUpgradeCheck = 1140;
				ORGANIZATIONNAME = cn.com.yan;
				TargetAttributes = {
					EE337F2024722AAA00AAB99F = {
						CreatedOnToolsVersion = 11.4.1;
					};
				};
			};
			buildConfigurationList = EE337F1C24722AAA00AAB99F /* Build configuration list for PBXProject "SwiftUILearning" */;
			compatibilityVersion = "Xcode 9.3";
			developmentRegion = en;
			hasScannedForEncodings = 0;
			knownRegions = (
				en,
				Base,
			);
			mainGroup = EE337F1824722AAA00AAB99F;
			productRefGroup = EE337F2224722AAA00AAB99F /* Products */;
			projectDirPath = "";
			projectRoot = "";
			targets = (
				EE337F2024722AAA00AAB99F /* SwiftUILearning */,
			);
		};
/* End PBXProject section */

/* Begin PBXResourcesBuildPhase section */
		EE337F1F24722AAA00AAB99F /* Resources */ = {
			isa = PBXResourcesBuildPhase;
			buildActionMask = 2147483647;
			files = (
				EE77D225247BB175005291C6 /* local.html in Resources */,
				EE337F3424722AAC00AAB99F /* LaunchScreen.storyboard in Resources */,
				EE337F3124722AAC00AAB99F /* Preview Assets.xcassets in Resources */,
				EE337F2E24722AAC00AAB99F /* Assets.xcassets in Resources */,
			);
			runOnlyForDeploymentPostprocessing = 0;
		};
/* End PBXResourcesBuildPhase section */

/* Begin PBXSourcesBuildPhase section */
		EE337F1D24722AAA00AAB99F /* Sources */ = {
			isa = PBXSourcesBuildPhase;
			buildActionMask = 2147483647;
			files = (
				EE337F2A24722AAA00AAB99F /* SwiftUILearning.xcdatamodeld in Sources */,
				EE77D223247BB133005291C6 /* WebView.swift in Sources */,
				EE337F2524722AAA00AAB99F /* AppDelegate.swift in Sources */,
				EE337F2C24722AAA00AAB99F /* ContentView.swift in Sources */,
				EE337F2724722AAA00AAB99F /* SceneDelegate.swift in Sources */,
			);
			runOnlyForDeploymentPostprocessing = 0;
		};
/* End PBXSourcesBuildPhase section */

/* Begin PBXVariantGroup section */
		EE337F3224722AAC00AAB99F /* LaunchScreen.storyboard */ = {
			isa = PBXVariantGroup;
			children = (
				EE337F3324722AAC00AAB99F /* Base */,
			);
			name = LaunchScreen.storyboard;
			sourceTree = "<group>";
		};
/* End PBXVariantGroup section */

/* Begin XCBuildConfiguration section */
		EE337F3624722AAC00AAB99F /* Debug */ = {
			isa = XCBuildConfiguration;
			buildSettings = {
				ALWAYS_SEARCH_USER_PATHS = NO;
				CLANG_ANALYZER_NONNULL = YES;
				CLANG_ANALYZER_NUMBER_OBJECT_CONVERSION = YES_AGGRESSIVE;
				CLANG_CXX_LANGUAGE_STANDARD = "gnu++14";
				CLANG_CXX_LIBRARY = "libc++";
				CLANG_ENABLE_MODULES = YES;
				CLANG_ENABLE_OBJC_ARC = YES;
				CLANG_ENABLE_OBJC_WEAK = YES;
				CLANG_WARN_BLOCK_CAPTURE_AUTORELEASING = YES;
				CLANG_WARN_BOOL_CONVERSION = YES;
				CLANG_WARN_COMMA = YES;
				CLANG_WARN_CONSTANT_CONVERSION = YES;
				CLANG_WARN_DEPRECATED_OBJC_IMPLEMENTATIONS = YES;
				CLANG_WARN_DIRECT_OBJC_ISA_USAGE = YES_ERROR;
				CLANG_WARN_DOCUMENTATION_COMMENTS = YES;
				CLANG_WARN_EMPTY_BODY = YES;
				CLANG_WARN_ENUM_CONVERSION = YES;
				CLANG_WARN_INFINITE_RECURSION = YES;
				CLANG_WARN_INT_CONVERSION = YES;
				CLANG_WARN_NON_LITERAL_NULL_CONVERSION = YES;
				CLANG_WARN_OBJC_IMPLICIT_RETAIN_SELF = YES;
				CLANG_WARN_OBJC_LITERAL_CONVERSION = YES;
				CLANG_WARN_OBJC_ROOT_CLASS = YES_ERROR;
				CLANG_WARN_RANGE_LOOP_ANALYSIS = YES;
				CLANG_WARN_STRICT_PROTOTYPES = YES;
				CLANG_WARN_SUSPICIOUS_MOVE = YES;
				CLANG_WARN_UNGUARDED_AVAILABILITY = YES_AGGRESSIVE;
				CLANG_WARN_UNREACHABLE_CODE = YES;
				CLANG_WARN__DUPLICATE_METHOD_MATCH = YES;
				COPY_PHASE_STRIP = NO;
				DEBUG_INFORMATION_FORMAT = dwarf;
				ENABLE_STRICT_OBJC_MSGSEND = YES;
				ENABLE_TESTABILITY = YES;
				GCC_C_LANGUAGE_STANDARD = gnu11;
				GCC_DYNAMIC_NO_PIC = NO;
				GCC_NO_COMMON_BLOCKS = YES;
				GCC_OPTIMIZATION_LEVEL = 0;
				GCC_PREPROCESSOR_DEFINITIONS = (
					"DEBUG=1",
					"$(inherited)",
				);
				GCC_WARN_64_TO_32_BIT_CONVERSION = YES;
				GCC_WARN_ABOUT_RETURN_TYPE = YES_ERROR;
				GCC_WARN_UNDECLARED_SELECTOR = YES;
				GCC_WARN_UNINITIALIZED_AUTOS = YES_AGGRESSIVE;
				GCC_WARN_UNUSED_FUNCTION = YES;
				GCC_WARN_UNUSED_VARIABLE = YES;
				IPHONEOS_DEPLOYMENT_TARGET = 13.4;
				MTL_ENABLE_DEBUG_INFO = INCLUDE_SOURCE;
				MTL_FAST_MATH = YES;
				ONLY_ACTIVE_ARCH = YES;
				SDKROOT = iphoneos;
				SWIFT_ACTIVE_COMPILATION_CONDITIONS = DEBUG;
				SWIFT_OPTIMIZATION_LEVEL = "-Onone";
			};
			name = Debug;
		};
		EE337F3724722AAC00AAB99F /* Release */ = {
			isa = XCBuildConfiguration;
			buildSettings = {
				ALWAYS_SEARCH_USER_PATHS = NO;
				CLANG_ANALYZER_NONNULL = YES;
				CLANG_ANALYZER_NUMBER_OBJECT_CONVERSION = YES_AGGRESSIVE;
				CLANG_CXX_LANGUAGE_STANDARD = "gnu++14";
				CLANG_CXX_LIBRARY = "libc++";
				CLANG_ENABLE_MODULES = YES;
				CLANG_ENABLE_OBJC_ARC = YES;
				CLANG_ENABLE_OBJC_WEAK = YES;
				CLANG_WARN_BLOCK_CAPTURE_AUTORELEASING = YES;
				CLANG_WARN_BOOL_CONVERSION = YES;
				CLANG_WARN_COMMA = YES;
				CLANG_WARN_CONSTANT_CONVERSION = YES;
				CLANG_WARN_DEPRECATED_OBJC_IMPLEMENTATIONS = YES;
				CLANG_WARN_DIRECT_OBJC_ISA_USAGE = YES_ERROR;
				CLANG_WARN_DOCUMENTATION_COMMENTS = YES;
				CLANG_WARN_EMPTY_BODY = YES;
				CLANG_WARN_ENUM_CONVERSION = YES;
				CLANG_WARN_INFINITE_RECURSION = YES;
				CLANG_WARN_INT_CONVERSION = YES;
				CLANG_WARN_NON_LITERAL_NULL_CONVERSION = YES;
				CLANG_WARN_OBJC_IMPLICIT_RETAIN_SELF = YES;
				CLANG_WARN_OBJC_LITERAL_CONVERSION = YES;
				CLANG_WARN_OBJC_ROOT_CLASS = YES_ERROR;
				CLANG_WARN_RANGE_LOOP_ANALYSIS = YES;
				CLANG_WARN_STRICT_PROTOTYPES = YES;
				CLANG_WARN_SUSPICIOUS_MOVE = YES;
				CLANG_WARN_UNGUARDED_AVAILABILITY = YES_AGGRESSIVE;
				CLANG_WARN_UNREACHABLE_CODE = YES;
				CLANG_WARN__DUPLICATE_METHOD_MATCH = YES;
				COPY_PHASE_STRIP = NO;
				DEBUG_INFORMATION_FORMAT = "dwarf-with-dsym";
				ENABLE_NS_ASSERTIONS = NO;
				ENABLE_STRICT_OBJC_MSGSEND = YES;
				GCC_C_LANGUAGE_STANDARD = gnu11;
				GCC_NO_COMMON_BLOCKS = YES;
				GCC_WARN_64_TO_32_BIT_CONVERSION = YES;
				GCC_WARN_ABOUT_RETURN_TYPE = YES_ERROR;
				GCC_WARN_UNDECLARED_SELECTOR = YES;
				GCC_WARN_UNINITIALIZED_AUTOS = YES_AGGRESSIVE;
				GCC_WARN_UNUSED_FUNCTION = YES;
				GCC_WARN_UNUSED_VARIABLE = YES;
				IPHONEOS_DEPLOYMENT_TARGET = 13.4;
				MTL_ENABLE_DEBUG_INFO = NO;
				MTL_FAST_MATH = YES;
				SDKROOT = iphoneos;
				SWIFT_COMPILATION_MODE = wholemodule;
				SWIFT_OPTIMIZATION_LEVEL = "-O";
				VALIDATE_PRODUCT = YES;
			};
			name = Release;
		};
		EE337F3924722AAC00AAB99F /* Debug */ = {
			isa = XCBuildConfiguration;
			buildSettings = {
				ASSETCATALOG_COMPILER_APPICON_NAME = AppIcon;
				CODE_SIGN_STYLE = Automatic;
				DEVELOPMENT_ASSET_PATHS = "\"SwiftUILearning/Preview Content\"";
				DEVELOPMENT_TEAM = W4JY5996A9;
				ENABLE_PREVIEWS = YES;
				INFOPLIST_FILE = SwiftUILearning/Info.plist;
				IPHONEOS_DEPLOYMENT_TARGET = 13.0;
				LD_RUNPATH_SEARCH_PATHS = (
					"$(inherited)",
					"@executable_path/Frameworks",
				);
				PRODUCT_BUNDLE_IDENTIFIER = cn.com.yan.SwiftUILearning;
				PRODUCT_NAME = "$(TARGET_NAME)";
				SWIFT_VERSION = 5.0;
				TARGETED_DEVICE_FAMILY = 1;
			};
			name = Debug;
		};
		EE337F3A24722AAC00AAB99F /* Release */ = {
			isa = XCBuildConfiguration;
			buildSettings = {
				ASSETCATALOG_COMPILER_APPICON_NAME = AppIcon;
				CODE_SIGN_STYLE = Automatic;
				DEVELOPMENT_ASSET_PATHS = "\"SwiftUILearning/Preview Content\"";
				DEVELOPMENT_TEAM = W4JY5996A9;
				ENABLE_PREVIEWS = YES;
				INFOPLIST_FILE = SwiftUILearning/Info.plist;
				IPHONEOS_DEPLOYMENT_TARGET = 13.0;
				LD_RUNPATH_SEARCH_PATHS = (
					"$(inherited)",
					"@executable_path/Frameworks",
				);
				PRODUCT_BUNDLE_IDENTIFIER = cn.com.yan.SwiftUILearning;
				PRODUCT_NAME = "$(TARGET_NAME)";
				SWIFT_VERSION = 5.0;
				TARGETED_DEVICE_FAMILY = 1;
			};
			name = Release;
		};
/* End XCBuildConfiguration section */

/* Begin XCConfigurationList section */
		EE337F1C24722AAA00AAB99F /* Build configuration list for PBXProject "SwiftUILearning" */ = {
			isa = XCConfigurationList;
			buildConfigurations = (
				EE337F3624722AAC00AAB99F /* Debug */,
				EE337F3724722AAC00AAB99F /* Release */,
			);
			defaultConfigurationIsVisible = 0;
			defaultConfigurationName = Release;
		};
		EE337F3824722AAC00AAB99F /* Build configuration list for PBXNativeTarget "SwiftUILearning" */ = {
			isa = XCConfigurationList;
			buildConfigurations = (
				EE337F3924722AAC00AAB99F /* Debug */,
				EE337F3A24722AAC00AAB99F /* Release */,
			);
			defaultConfigurationIsVisible = 0;
			defaultConfigurationName = Release;
		};
/* End XCConfigurationList section */

/* Begin XCVersionGroup section */
		EE337F2824722AAA00AAB99F /* SwiftUILearning.xcdatamodeld */ = {
			isa = XCVersionGroup;
			children = (
				EE337F2924722AAA00AAB99F /* SwiftUILearning.xcdatamodel */,
			);
			currentVersion = EE337F2924722AAA00AAB99F /* SwiftUILearning.xcdatamodel */;
			path = SwiftUILearning.xcdatamodeld;
			sourceTree = "<group>";
			versionGroupType = wrapper.xcdatamodel;
		};
/* End XCVersionGroup section */
	};
	rootObject = EE337F1924722AAA00AAB99F /* Project object */;
}
