// !$*UTF8*$!
{
	archiveVersion = 1;
	classes = {
	};
	objectVersion = 52;
	objects = {

/* Begin PBXBuildFile section */
		EE1DE220238B773B004AB632 /* AppDelegate.swift in Sources */ = {isa = PBXBuildFile; fileRef = EE1DE21F238B773B004AB632 /* AppDelegate.swift */; };
		EE1DE224238B773B004AB632 /* ViewController.swift in Sources */ = {isa = PBXBuildFile; fileRef = EE1DE223238B773B004AB632 /* ViewController.swift */; };
		EE1DE227238B773B004AB632 /* Main.storyboard in Resources */ = {isa = PBXBuildFile; fileRef = EE1DE225238B773B004AB632 /* Main.storyboard */; };
		EE1DE229238B773D004AB632 /* Assets.xcassets in Resources */ = {isa = PBXBuildFile; fileRef = EE1DE228238B773D004AB632 /* Assets.xcassets */; };
		EE1DE22C238B773D004AB632 /* LaunchScreen.storyboard in Resources */ = {isa = PBXBuildFile; fileRef = EE1DE22A238B773D004AB632 /* LaunchScreen.storyboard */; };
		EE1DE235238B7D34004AB632 /* BaseNavigationViewController.swift in Sources */ = {isa = PBXBuildFile; fileRef = EE1DE233238B7D34004AB632 /* BaseNavigationViewController.swift */; };
		EE1DE23B238BB0CF004AB632 /* SnapKit in Frameworks */ = {isa = PBXBuildFile; productRef = EE1DE23A238BB0CF004AB632 /* SnapKit */; };
		EE1DE23D238BB2DB004AB632 /* Color.swift in Sources */ = {isa = PBXBuildFile; fileRef = EE1DE23C238BB2DB004AB632 /* Color.swift */; };
		EE1DE23F238BB3FE004AB632 /* BaseViewController.swift in Sources */ = {isa = PBXBuildFile; fileRef = EE1DE23E238BB3FE004AB632 /* BaseViewController.swift */; };
		EE1DE241238BB9E0004AB632 /* SettingViewController.swift in Sources */ = {isa = PBXBuildFile; fileRef = EE1DE240238BB9E0004AB632 /* SettingViewController.swift */; };
		EEBB86B6238CCE2500BAA966 /* UIViewExtension.swift in Sources */ = {isa = PBXBuildFile; fileRef = EEBB86B5238CCE2500BAA966 /* UIViewExtension.swift */; };
		EEBB86B9238CD82000BAA966 /* Closures in Frameworks */ = {isa = PBXBuildFile; productRef = EEBB86B8238CD82000BAA966 /* Closures */; };
		EEBB86BB238E28EC00BAA966 /* Font.swift in Sources */ = {isa = PBXBuildFile; fileRef = EEBB86BA238E28EC00BAA966 /* Font.swift */; };
		EEBB86BE238E471E00BAA966 /* SwifterSwift in Frameworks */ = {isa = PBXBuildFile; productRef = EEBB86BD238E471E00BAA966 /* SwifterSwift */; };
		EEBB86C0238E4B1D00BAA966 /* Config.swift in Sources */ = {isa = PBXBuildFile; fileRef = EEBB86BF238E4B1D00BAA966 /* Config.swift */; };
		EEBB86C2238E516900BAA966 /* AboutViewController.swift in Sources */ = {isa = PBXBuildFile; fileRef = EEBB86C1238E516900BAA966 /* AboutViewController.swift */; };
		EEBB86C4238E549800BAA966 /* UILabelExtension.swift in Sources */ = {isa = PBXBuildFile; fileRef = EEBB86C3238E549800BAA966 /* UILabelExtension.swift */; };
		EEBB86C6238E725300BAA966 /* UIApplicationExtension.swift in Sources */ = {isa = PBXBuildFile; fileRef = EEBB86C5238E725300BAA966 /* UIApplicationExtension.swift */; };
		EEBB86C8238E754100BAA966 /* BrandSelectViewController.swift in Sources */ = {isa = PBXBuildFile; fileRef = EEBB86C7238E754100BAA966 /* BrandSelectViewController.swift */; };
		EEBB86CA238E75B100BAA966 /* UIImageViewExtension.swift in Sources */ = {isa = PBXBuildFile; fileRef = EEBB86C9238E75B100BAA966 /* UIImageViewExtension.swift */; };
		EEBB86CC238F5A2C00BAA966 /* IntegrationViewController.swift in Sources */ = {isa = PBXBuildFile; fileRef = EEBB86CB238F5A2C00BAA966 /* IntegrationViewController.swift */; };
		EEBB86CE238F64A600BAA966 /* BaseCell.swift in Sources */ = {isa = PBXBuildFile; fileRef = EEBB86CD238F64A600BAA966 /* BaseCell.swift */; };
		EEBB86D0238F67BA00BAA966 /* StringExtension.swift in Sources */ = {isa = PBXBuildFile; fileRef = EEBB86CF238F67BA00BAA966 /* StringExtension.swift */; };
		EEBB86D2238F689C00BAA966 /* BaseItemsCell.swift in Sources */ = {isa = PBXBuildFile; fileRef = EEBB86D1238F689C00BAA966 /* BaseItemsCell.swift */; };
		EEF06353238FD12E003D7199 /* BaseSelectView.swift in Sources */ = {isa = PBXBuildFile; fileRef = EEF06352238FD12E003D7199 /* BaseSelectView.swift */; };
		EEF06355238FD2BF003D7199 /* BaseSelectCell.swift in Sources */ = {isa = PBXBuildFile; fileRef = EEF06354238FD2BF003D7199 /* BaseSelectCell.swift */; };
		EEF063572390AEA2003D7199 /* BasePickerCell.swift in Sources */ = {isa = PBXBuildFile; fileRef = EEF063562390AEA2003D7199 /* BasePickerCell.swift */; };
		EEF063662390E572003D7199 /* ScanViewController.swift in Sources */ = {isa = PBXBuildFile; fileRef = EEF063652390E572003D7199 /* ScanViewController.swift */; };
		EEF063682390F338003D7199 /* UIButtonExtension.swift in Sources */ = {isa = PBXBuildFile; fileRef = EEF063672390F338003D7199 /* UIButtonExtension.swift */; };
		EEF6EC1D238F784300E17EBE /* BaseTextFieldCell.swift in Sources */ = {isa = PBXBuildFile; fileRef = EEF6EC1C238F784300E17EBE /* BaseTextFieldCell.swift */; };
		EEF6EC1F238F9F3500E17EBE /* BaseCheckBox.swift in Sources */ = {isa = PBXBuildFile; fileRef = EEF6EC1E238F9F3500E17EBE /* BaseCheckBox.swift */; };
		EEF6EC21238FA84000E17EBE /* BaseTitleCell.swift in Sources */ = {isa = PBXBuildFile; fileRef = EEF6EC20238FA84000E17EBE /* BaseTitleCell.swift */; };
		EEF6EC23238FAC5500E17EBE /* BaseSwitchCell.swift in Sources */ = {isa = PBXBuildFile; fileRef = EEF6EC22238FAC5500E17EBE /* BaseSwitchCell.swift */; };
		EEF6EC25238FB75A00E17EBE /* SettingsViewController1.swift in Sources */ = {isa = PBXBuildFile; fileRef = EEF6EC24238FB75A00E17EBE /* SettingsViewController1.swift */; };
		EEF6EC27238FB7E100E17EBE /* PickerViewController.swift in Sources */ = {isa = PBXBuildFile; fileRef = EEF6EC26238FB7E100E17EBE /* PickerViewController.swift */; };
/* End PBXBuildFile section */

/* Begin PBXFileReference section */
		EE1DE21C238B773B004AB632 /* Box.app */ = {isa = PBXFileReference; explicitFileType = wrapper.application; includeInIndex = 0; path = Box.app; sourceTree = BUILT_PRODUCTS_DIR; };
		EE1DE21F238B773B004AB632 /* AppDelegate.swift */ = {isa = PBXFileReference; lastKnownFileType = sourcecode.swift; path = AppDelegate.swift; sourceTree = "<group>"; };
		EE1DE223238B773B004AB632 /* ViewController.swift */ = {isa = PBXFileReference; lastKnownFileType = sourcecode.swift; path = ViewController.swift; sourceTree = "<group>"; };
		EE1DE226238B773B004AB632 /* Base */ = {isa = PBXFileReference; lastKnownFileType = file.storyboard; name = Base; path = Base.lproj/Main.storyboard; sourceTree = "<group>"; };
		EE1DE228238B773D004AB632 /* Assets.xcassets */ = {isa = PBXFileReference; lastKnownFileType = folder.assetcatalog; path = Assets.xcassets; sourceTree = "<group>"; };
		EE1DE22B238B773D004AB632 /* Base */ = {isa = PBXFileReference; lastKnownFileType = file.storyboard; name = Base; path = Base.lproj/LaunchScreen.storyboard; sourceTree = "<group>"; };
		EE1DE22D238B773D004AB632 /* Info.plist */ = {isa = PBXFileReference; lastKnownFileType = text.plist.xml; path = Info.plist; sourceTree = "<group>"; };
		EE1DE233238B7D34004AB632 /* BaseNavigationViewController.swift */ = {isa = PBXFileReference; lastKnownFileType = sourcecode.swift; path = BaseNavigationViewController.swift; sourceTree = "<group>"; };
		EE1DE23C238BB2DB004AB632 /* Color.swift */ = {isa = PBXFileReference; fileEncoding = 4; lastKnownFileType = sourcecode.swift; path = Color.swift; sourceTree = "<group>"; };
		EE1DE23E238BB3FE004AB632 /* BaseViewController.swift */ = {isa = PBXFileReference; lastKnownFileType = sourcecode.swift; path = BaseViewController.swift; sourceTree = "<group>"; };
		EE1DE240238BB9E0004AB632 /* SettingViewController.swift */ = {isa = PBXFileReference; lastKnownFileType = sourcecode.swift; path = SettingViewController.swift; sourceTree = "<group>"; };
		EEBB86B5238CCE2500BAA966 /* UIViewExtension.swift */ = {isa = PBXFileReference; lastKnownFileType = sourcecode.swift; path = UIViewExtension.swift; sourceTree = "<group>"; };
		EEBB86BA238E28EC00BAA966 /* Font.swift */ = {isa = PBXFileReference; fileEncoding = 4; lastKnownFileType = sourcecode.swift; path = Font.swift; sourceTree = "<group>"; };
		EEBB86BF238E4B1D00BAA966 /* Config.swift */ = {isa = PBXFileReference; lastKnownFileType = sourcecode.swift; path = Config.swift; sourceTree = "<group>"; };
		EEBB86C1238E516900BAA966 /* AboutViewController.swift */ = {isa = PBXFileReference; lastKnownFileType = sourcecode.swift; path = AboutViewController.swift; sourceTree = "<group>"; };
		EEBB86C3238E549800BAA966 /* UILabelExtension.swift */ = {isa = PBXFileReference; lastKnownFileType = sourcecode.swift; path = UILabelExtension.swift; sourceTree = "<group>"; };
		EEBB86C5238E725300BAA966 /* UIApplicationExtension.swift */ = {isa = PBXFileReference; lastKnownFileType = sourcecode.swift; path = UIApplicationExtension.swift; sourceTree = "<group>"; };
		EEBB86C7238E754100BAA966 /* BrandSelectViewController.swift */ = {isa = PBXFileReference; lastKnownFileType = sourcecode.swift; path = BrandSelectViewController.swift; sourceTree = "<group>"; };
		EEBB86C9238E75B100BAA966 /* UIImageViewExtension.swift */ = {isa = PBXFileReference; lastKnownFileType = sourcecode.swift; path = UIImageViewExtension.swift; sourceTree = "<group>"; };
		EEBB86CB238F5A2C00BAA966 /* IntegrationViewController.swift */ = {isa = PBXFileReference; lastKnownFileType = sourcecode.swift; path = IntegrationViewController.swift; sourceTree = "<group>"; };
		EEBB86CD238F64A600BAA966 /* BaseCell.swift */ = {isa = PBXFileReference; lastKnownFileType = sourcecode.swift; path = BaseCell.swift; sourceTree = "<group>"; };
		EEBB86CF238F67BA00BAA966 /* StringExtension.swift */ = {isa = PBXFileReference; lastKnownFileType = sourcecode.swift; path = StringExtension.swift; sourceTree = "<group>"; };
		EEBB86D1238F689C00BAA966 /* BaseItemsCell.swift */ = {isa = PBXFileReference; lastKnownFileType = sourcecode.swift; path = BaseItemsCell.swift; sourceTree = "<group>"; };
		EEF06352238FD12E003D7199 /* BaseSelectView.swift */ = {isa = PBXFileReference; lastKnownFileType = sourcecode.swift; path = BaseSelectView.swift; sourceTree = "<group>"; };
		EEF06354238FD2BF003D7199 /* BaseSelectCell.swift */ = {isa = PBXFileReference; lastKnownFileType = sourcecode.swift; path = BaseSelectCell.swift; sourceTree = "<group>"; };
		EEF063562390AEA2003D7199 /* BasePickerCell.swift */ = {isa = PBXFileReference; lastKnownFileType = sourcecode.swift; path = BasePickerCell.swift; sourceTree = "<group>"; };
		EEF063612390C456003D7199 /* zh-Hans */ = {isa = PBXFileReference; lastKnownFileType = text.plist.strings; name = "zh-Hans"; path = "zh-Hans.lproj/Main.strings"; sourceTree = "<group>"; };
		EEF063622390C456003D7199 /* zh-Hans */ = {isa = PBXFileReference; lastKnownFileType = text.plist.strings; name = "zh-Hans"; path = "zh-Hans.lproj/LaunchScreen.strings"; sourceTree = "<group>"; };
		EEF063632390C45C003D7199 /* ja */ = {isa = PBXFileReference; lastKnownFileType = text.plist.strings; name = ja; path = ja.lproj/Main.strings; sourceTree = "<group>"; };
		EEF063642390C45C003D7199 /* ja */ = {isa = PBXFileReference; lastKnownFileType = text.plist.strings; name = ja; path = ja.lproj/LaunchScreen.strings; sourceTree = "<group>"; };
		EEF063652390E572003D7199 /* ScanViewController.swift */ = {isa = PBXFileReference; lastKnownFileType = sourcecode.swift; path = ScanViewController.swift; sourceTree = "<group>"; };
		EEF063672390F338003D7199 /* UIButtonExtension.swift */ = {isa = PBXFileReference; lastKnownFileType = sourcecode.swift; path = UIButtonExtension.swift; sourceTree = "<group>"; };
		EEF6EC1C238F784300E17EBE /* BaseTextFieldCell.swift */ = {isa = PBXFileReference; lastKnownFileType = sourcecode.swift; path = BaseTextFieldCell.swift; sourceTree = "<group>"; };
		EEF6EC1E238F9F3500E17EBE /* BaseCheckBox.swift */ = {isa = PBXFileReference; lastKnownFileType = sourcecode.swift; path = BaseCheckBox.swift; sourceTree = "<group>"; };
		EEF6EC20238FA84000E17EBE /* BaseTitleCell.swift */ = {isa = PBXFileReference; lastKnownFileType = sourcecode.swift; path = BaseTitleCell.swift; sourceTree = "<group>"; };
		EEF6EC22238FAC5500E17EBE /* BaseSwitchCell.swift */ = {isa = PBXFileReference; lastKnownFileType = sourcecode.swift; path = BaseSwitchCell.swift; sourceTree = "<group>"; };
		EEF6EC24238FB75A00E17EBE /* SettingsViewController1.swift */ = {isa = PBXFileReference; lastKnownFileType = sourcecode.swift; path = SettingsViewController1.swift; sourceTree = "<group>"; };
		EEF6EC26238FB7E100E17EBE /* PickerViewController.swift */ = {isa = PBXFileReference; lastKnownFileType = sourcecode.swift; path = PickerViewController.swift; sourceTree = "<group>"; };
/* End PBXFileReference section */

/* Begin PBXFrameworksBuildPhase section */
		EE1DE219238B773B004AB632 /* Frameworks */ = {
			isa = PBXFrameworksBuildPhase;
			buildActionMask = 2147483647;
			files = (
				EEBB86BE238E471E00BAA966 /* SwifterSwift in Frameworks */,
				EEBB86B9238CD82000BAA966 /* Closures in Frameworks */,
				EE1DE23B238BB0CF004AB632 /* SnapKit in Frameworks */,
			);
			runOnlyForDeploymentPostprocessing = 0;
		};
/* End PBXFrameworksBuildPhase section */

/* Begin PBXGroup section */
		86C79113110B219727E1A80D /* Frameworks */ = {
			isa = PBXGroup;
			children = (
			);
			name = Frameworks;
			sourceTree = "<group>";
		};
		EE1DE213238B773B004AB632 = {
			isa = PBXGroup;
			children = (
				EE1DE21E238B773B004AB632 /* Box */,
				EE1DE21D238B773B004AB632 /* Products */,
				86C79113110B219727E1A80D /* Frameworks */,
			);
			sourceTree = "<group>";
		};
		EE1DE21D238B773B004AB632 /* Products */ = {
			isa = PBXGroup;
			children = (
				EE1DE21C238B773B004AB632 /* Box.app */,
			);
			name = Products;
			sourceTree = "<group>";
		};
		EE1DE21E238B773B004AB632 /* Box */ = {
			isa = PBXGroup;
			children = (
				EEF0635E2390B438003D7199 /* App */,
				EEF0635D2390B428003D7199 /* Extensions */,
				EEF0635C2390B411003D7199 /* Config */,
				EEF063602390B4D6003D7199 /* ViewControllers */,
				EEF063582390B34D003D7199 /* Base */,
			);
			path = Box;
			sourceTree = "<group>";
		};
		EEF063582390B34D003D7199 /* Base */ = {
			isa = PBXGroup;
			children = (
				EEF0635B2390B3F2003D7199 /* Controllers */,
				EEF0635A2390B3AB003D7199 /* Views */,
				EEF063592390B3A3003D7199 /* Cells */,
			);
			path = Base;
			sourceTree = "<group>";
		};
		EEF063592390B3A3003D7199 /* Cells */ = {
			isa = PBXGroup;
			children = (
				EEBB86CD238F64A600BAA966 /* BaseCell.swift */,
				EEBB86D1238F689C00BAA966 /* BaseItemsCell.swift */,
				EEF6EC1C238F784300E17EBE /* BaseTextFieldCell.swift */,
				EEF6EC20238FA84000E17EBE /* BaseTitleCell.swift */,
				EEF6EC22238FAC5500E17EBE /* BaseSwitchCell.swift */,
				EEF06354238FD2BF003D7199 /* BaseSelectCell.swift */,
				EEF063562390AEA2003D7199 /* BasePickerCell.swift */,
			);
			path = Cells;
			sourceTree = "<group>";
		};
		EEF0635A2390B3AB003D7199 /* Views */ = {
			isa = PBXGroup;
			children = (
				EEF6EC1E238F9F3500E17EBE /* BaseCheckBox.swift */,
				EEF06352238FD12E003D7199 /* BaseSelectView.swift */,
			);
			path = Views;
			sourceTree = "<group>";
		};
		EEF0635B2390B3F2003D7199 /* Controllers */ = {
			isa = PBXGroup;
			children = (
				EEF6EC26238FB7E100E17EBE /* PickerViewController.swift */,
				EE1DE233238B7D34004AB632 /* BaseNavigationViewController.swift */,
				EE1DE23E238BB3FE004AB632 /* BaseViewController.swift */,
			);
			path = Controllers;
			sourceTree = "<group>";
		};
		EEF0635C2390B411003D7199 /* Config */ = {
			isa = PBXGroup;
			children = (
				EE1DE23C238BB2DB004AB632 /* Color.swift */,
				EEBB86BA238E28EC00BAA966 /* Font.swift */,
				EEBB86BF238E4B1D00BAA966 /* Config.swift */,
			);
			path = Config;
			sourceTree = "<group>";
		};
		EEF0635D2390B428003D7199 /* Extensions */ = {
			isa = PBXGroup;
			children = (
				EEBB86C5238E725300BAA966 /* UIApplicationExtension.swift */,
				EEBB86C3238E549800BAA966 /* UILabelExtension.swift */,
				EEBB86B5238CCE2500BAA966 /* UIViewExtension.swift */,
				EEBB86CF238F67BA00BAA966 /* StringExtension.swift */,
				EEBB86C9238E75B100BAA966 /* UIImageViewExtension.swift */,
				EEF063672390F338003D7199 /* UIButtonExtension.swift */,
			);
			path = Extensions;
			sourceTree = "<group>";
		};
		EEF0635E2390B438003D7199 /* App */ = {
			isa = PBXGroup;
			children = (
				EE1DE21F238B773B004AB632 /* AppDelegate.swift */,
				EE1DE225238B773B004AB632 /* Main.storyboard */,
				EE1DE228238B773D004AB632 /* Assets.xcassets */,
				EE1DE22A238B773D004AB632 /* LaunchScreen.storyboard */,
				EE1DE22D238B773D004AB632 /* Info.plist */,
			);
			path = App;
			sourceTree = "<group>";
		};
		EEF063602390B4D6003D7199 /* ViewControllers */ = {
			isa = PBXGroup;
			children = (
				EE1DE223238B773B004AB632 /* ViewController.swift */,
				EE1DE240238BB9E0004AB632 /* SettingViewController.swift */,
				EEF6EC24238FB75A00E17EBE /* SettingsViewController1.swift */,
				EEBB86C1238E516900BAA966 /* AboutViewController.swift */,
				EEBB86C7238E754100BAA966 /* BrandSelectViewController.swift */,
				EEBB86CB238F5A2C00BAA966 /* IntegrationViewController.swift */,
				EEF063652390E572003D7199 /* ScanViewController.swift */,
			);
			path = ViewControllers;
			sourceTree = "<group>";
		};
/* End PBXGroup section */

/* Begin PBXNativeTarget section */
		EE1DE21B238B773B004AB632 /* Box */ = {
			isa = PBXNativeTarget;
			buildConfigurationList = EE1DE230238B773D004AB632 /* Build configuration list for PBXNativeTarget "Box" */;
			buildPhases = (
				EE1DE218238B773B004AB632 /* Sources */,
				EE1DE219238B773B004AB632 /* Frameworks */,
				EE1DE21A238B773B004AB632 /* Resources */,
			);
			buildRules = (
			);
			dependencies = (
			);
			name = Box;
			packageProductDependencies = (
				EE1DE23A238BB0CF004AB632 /* SnapKit */,
				EEBB86B8238CD82000BAA966 /* Closures */,
				EEBB86BD238E471E00BAA966 /* SwifterSwift */,
			);
			productName = Box;
			productReference = EE1DE21C238B773B004AB632 /* Box.app */;
			productType = "com.apple.product-type.application";
		};
/* End PBXNativeTarget section */

/* Begin PBXProject section */
		EE1DE214238B773B004AB632 /* Project object */ = {
			isa = PBXProject;
			attributes = {
				LastSwiftUpdateCheck = 1120;
				LastUpgradeCheck = 1120;
				ORGANIZATIONNAME = yan;
				TargetAttributes = {
					EE1DE21B238B773B004AB632 = {
						CreatedOnToolsVersion = 11.2.1;
					};
				};
			};
			buildConfigurationList = EE1DE217238B773B004AB632 /* Build configuration list for PBXProject "Box" */;
			compatibilityVersion = "Xcode 9.3";
			developmentRegion = en;
			hasScannedForEncodings = 0;
			knownRegions = (
				en,
				Base,
				"zh-Hans",
				ja,
			);
			mainGroup = EE1DE213238B773B004AB632;
			packageReferences = (
				EE1DE239238BB0CF004AB632 /* XCRemoteSwiftPackageReference "SnapKit" */,
				EEBB86B7238CD82000BAA966 /* XCRemoteSwiftPackageReference "Closures" */,
				EEBB86BC238E471E00BAA966 /* XCRemoteSwiftPackageReference "SwifterSwift" */,
			);
			productRefGroup = EE1DE21D238B773B004AB632 /* Products */;
			projectDirPath = "";
			projectRoot = "";
			targets = (
				EE1DE21B238B773B004AB632 /* Box */,
			);
		};
/* End PBXProject section */

/* Begin PBXResourcesBuildPhase section */
		EE1DE21A238B773B004AB632 /* Resources */ = {
			isa = PBXResourcesBuildPhase;
			buildActionMask = 2147483647;
			files = (
				EE1DE22C238B773D004AB632 /* LaunchScreen.storyboard in Resources */,
				EE1DE229238B773D004AB632 /* Assets.xcassets in Resources */,
				EE1DE227238B773B004AB632 /* Main.storyboard in Resources */,
			);
			runOnlyForDeploymentPostprocessing = 0;
		};
/* End PBXResourcesBuildPhase section */

/* Begin PBXSourcesBuildPhase section */
		EE1DE218238B773B004AB632 /* Sources */ = {
			isa = PBXSourcesBuildPhase;
			buildActionMask = 2147483647;
			files = (
				EE1DE23F238BB3FE004AB632 /* BaseViewController.swift in Sources */,
				EE1DE224238B773B004AB632 /* ViewController.swift in Sources */,
				EEBB86C0238E4B1D00BAA966 /* Config.swift in Sources */,
				EEBB86D2238F689C00BAA966 /* BaseItemsCell.swift in Sources */,
				EE1DE23D238BB2DB004AB632 /* Color.swift in Sources */,
				EEBB86CE238F64A600BAA966 /* BaseCell.swift in Sources */,
				EE1DE220238B773B004AB632 /* AppDelegate.swift in Sources */,
				EEF06353238FD12E003D7199 /* BaseSelectView.swift in Sources */,
				EEBB86BB238E28EC00BAA966 /* Font.swift in Sources */,
				EEBB86C8238E754100BAA966 /* BrandSelectViewController.swift in Sources */,
				EEBB86D0238F67BA00BAA966 /* StringExtension.swift in Sources */,
				EEF063572390AEA2003D7199 /* BasePickerCell.swift in Sources */,
				EEBB86C6238E725300BAA966 /* UIApplicationExtension.swift in Sources */,
				EEF063682390F338003D7199 /* UIButtonExtension.swift in Sources */,
				EEBB86CA238E75B100BAA966 /* UIImageViewExtension.swift in Sources */,
				EEF6EC23238FAC5500E17EBE /* BaseSwitchCell.swift in Sources */,
				EEF063662390E572003D7199 /* ScanViewController.swift in Sources */,
				EEBB86B6238CCE2500BAA966 /* UIViewExtension.swift in Sources */,
				EEBB86CC238F5A2C00BAA966 /* IntegrationViewController.swift in Sources */,
				EEF6EC1D238F784300E17EBE /* BaseTextFieldCell.swift in Sources */,
				EE1DE235238B7D34004AB632 /* BaseNavigationViewController.swift in Sources */,
				EEBB86C2238E516900BAA966 /* AboutViewController.swift in Sources */,
				EEBB86C4238E549800BAA966 /* UILabelExtension.swift in Sources */,
				EEF06355238FD2BF003D7199 /* BaseSelectCell.swift in Sources */,
				EE1DE241238BB9E0004AB632 /* SettingViewController.swift in Sources */,
				EEF6EC27238FB7E100E17EBE /* PickerViewController.swift in Sources */,
				EEF6EC21238FA84000E17EBE /* BaseTitleCell.swift in Sources */,
				EEF6EC25238FB75A00E17EBE /* SettingsViewController1.swift in Sources */,
				EEF6EC1F238F9F3500E17EBE /* BaseCheckBox.swift in Sources */,
			);
			runOnlyForDeploymentPostprocessing = 0;
		};
/* End PBXSourcesBuildPhase section */

/* Begin PBXVariantGroup section */
		EE1DE225238B773B004AB632 /* Main.storyboard */ = {
			isa = PBXVariantGroup;
			children = (
				EE1DE226238B773B004AB632 /* Base */,
				EEF063612390C456003D7199 /* zh-Hans */,
				EEF063632390C45C003D7199 /* ja */,
			);
			name = Main.storyboard;
			sourceTree = "<group>";
		};
		EE1DE22A238B773D004AB632 /* LaunchScreen.storyboard */ = {
			isa = PBXVariantGroup;
			children = (
				EE1DE22B238B773D004AB632 /* Base */,
				EEF063622390C456003D7199 /* zh-Hans */,
				EEF063642390C45C003D7199 /* ja */,
			);
			name = LaunchScreen.storyboard;
			sourceTree = "<group>";
		};
/* End PBXVariantGroup section */

/* Begin XCBuildConfiguration section */
		EE1DE22E238B773D004AB632 /* Debug */ = {
			isa = XCBuildConfiguration;
			buildSettings = {
				ALWAYS_SEARCH_USER_PATHS = NO;
				CLANG_ANALYZER_LOCALIZABILITY_NONLOCALIZED = YES;
				CLANG_ANALYZER_NONNULL = YES;
				CLANG_ANALYZER_NUMBER_OBJECT_CONVERSION = YES_AGGRESSIVE;
				CLANG_CXX_LANGUAGE_STANDARD = "gnu++14";
				CLANG_CXX_LIBRARY = "libc++";
				CLANG_ENABLE_MODULES = YES;
				CLANG_ENABLE_OBJC_ARC = YES;
				CLANG_ENABLE_OBJC_WEAK = YES;
				CLANG_WARN_BLOCK_CAPTURE_AUTORELEASING = YES;
				CLANG_WARN_BOOL_CONVERSION = YES;
				CLANG_WARN_COMMA = YES;
				CLANG_WARN_CONSTANT_CONVERSION = YES;
				CLANG_WARN_DEPRECATED_OBJC_IMPLEMENTATIONS = YES;
				CLANG_WARN_DIRECT_OBJC_ISA_USAGE = YES_ERROR;
				CLANG_WARN_DOCUMENTATION_COMMENTS = YES;
				CLANG_WARN_EMPTY_BODY = YES;
				CLANG_WARN_ENUM_CONVERSION = YES;
				CLANG_WARN_INFINITE_RECURSION = YES;
				CLANG_WARN_INT_CONVERSION = YES;
				CLANG_WARN_NON_LITERAL_NULL_CONVERSION = YES;
				CLANG_WARN_OBJC_IMPLICIT_RETAIN_SELF = YES;
				CLANG_WARN_OBJC_LITERAL_CONVERSION = YES;
				CLANG_WARN_OBJC_ROOT_CLASS = YES_ERROR;
				CLANG_WARN_RANGE_LOOP_ANALYSIS = YES;
				CLANG_WARN_STRICT_PROTOTYPES = YES;
				CLANG_WARN_SUSPICIOUS_MOVE = YES;
				CLANG_WARN_UNGUARDED_AVAILABILITY = YES_AGGRESSIVE;
				CLANG_WARN_UNREACHABLE_CODE = YES;
				CLANG_WARN__DUPLICATE_METHOD_MATCH = YES;
				COPY_PHASE_STRIP = NO;
				DEBUG_INFORMATION_FORMAT = dwarf;
				ENABLE_STRICT_OBJC_MSGSEND = YES;
				ENABLE_TESTABILITY = YES;
				GCC_C_LANGUAGE_STANDARD = gnu11;
				GCC_DYNAMIC_NO_PIC = NO;
				GCC_NO_COMMON_BLOCKS = YES;
				GCC_OPTIMIZATION_LEVEL = 0;
				GCC_PREPROCESSOR_DEFINITIONS = (
					"DEBUG=1",
					"$(inherited)",
				);
				GCC_WARN_64_TO_32_BIT_CONVERSION = YES;
				GCC_WARN_ABOUT_RETURN_TYPE = YES_ERROR;
				GCC_WARN_UNDECLARED_SELECTOR = YES;
				GCC_WARN_UNINITIALIZED_AUTOS = YES_AGGRESSIVE;
				GCC_WARN_UNUSED_FUNCTION = YES;
				GCC_WARN_UNUSED_VARIABLE = YES;
				IPHONEOS_DEPLOYMENT_TARGET = 13.2;
				MTL_ENABLE_DEBUG_INFO = INCLUDE_SOURCE;
				MTL_FAST_MATH = YES;
				ONLY_ACTIVE_ARCH = YES;
				SDKROOT = iphoneos;
				SWIFT_ACTIVE_COMPILATION_CONDITIONS = DEBUG;
				SWIFT_OPTIMIZATION_LEVEL = "-Onone";
			};
			name = Debug;
		};
		EE1DE22F238B773D004AB632 /* Release */ = {
			isa = XCBuildConfiguration;
			buildSettings = {
				ALWAYS_SEARCH_USER_PATHS = NO;
				CLANG_ANALYZER_LOCALIZABILITY_NONLOCALIZED = YES;
				CLANG_ANALYZER_NONNULL = YES;
				CLANG_ANALYZER_NUMBER_OBJECT_CONVERSION = YES_AGGRESSIVE;
				CLANG_CXX_LANGUAGE_STANDARD = "gnu++14";
				CLANG_CXX_LIBRARY = "libc++";
				CLANG_ENABLE_MODULES = YES;
				CLANG_ENABLE_OBJC_ARC = YES;
				CLANG_ENABLE_OBJC_WEAK = YES;
				CLANG_WARN_BLOCK_CAPTURE_AUTORELEASING = YES;
				CLANG_WARN_BOOL_CONVERSION = YES;
				CLANG_WARN_COMMA = YES;
				CLANG_WARN_CONSTANT_CONVERSION = YES;
				CLANG_WARN_DEPRECATED_OBJC_IMPLEMENTATIONS = YES;
				CLANG_WARN_DIRECT_OBJC_ISA_USAGE = YES_ERROR;
				CLANG_WARN_DOCUMENTATION_COMMENTS = YES;
				CLANG_WARN_EMPTY_BODY = YES;
				CLANG_WARN_ENUM_CONVERSION = YES;
				CLANG_WARN_INFINITE_RECURSION = YES;
				CLANG_WARN_INT_CONVERSION = YES;
				CLANG_WARN_NON_LITERAL_NULL_CONVERSION = YES;
				CLANG_WARN_OBJC_IMPLICIT_RETAIN_SELF = YES;
				CLANG_WARN_OBJC_LITERAL_CONVERSION = YES;
				CLANG_WARN_OBJC_ROOT_CLASS = YES_ERROR;
				CLANG_WARN_RANGE_LOOP_ANALYSIS = YES;
				CLANG_WARN_STRICT_PROTOTYPES = YES;
				CLANG_WARN_SUSPICIOUS_MOVE = YES;
				CLANG_WARN_UNGUARDED_AVAILABILITY = YES_AGGRESSIVE;
				CLANG_WARN_UNREACHABLE_CODE = YES;
				CLANG_WARN__DUPLICATE_METHOD_MATCH = YES;
				COPY_PHASE_STRIP = NO;
				DEBUG_INFORMATION_FORMAT = "dwarf-with-dsym";
				ENABLE_NS_ASSERTIONS = NO;
				ENABLE_STRICT_OBJC_MSGSEND = YES;
				GCC_C_LANGUAGE_STANDARD = gnu11;
				GCC_NO_COMMON_BLOCKS = YES;
				GCC_WARN_64_TO_32_BIT_CONVERSION = YES;
				GCC_WARN_ABOUT_RETURN_TYPE = YES_ERROR;
				GCC_WARN_UNDECLARED_SELECTOR = YES;
				GCC_WARN_UNINITIALIZED_AUTOS = YES_AGGRESSIVE;
				GCC_WARN_UNUSED_FUNCTION = YES;
				GCC_WARN_UNUSED_VARIABLE = YES;
				IPHONEOS_DEPLOYMENT_TARGET = 13.2;
				MTL_ENABLE_DEBUG_INFO = NO;
				MTL_FAST_MATH = YES;
				SDKROOT = iphoneos;
				SWIFT_COMPILATION_MODE = wholemodule;
				SWIFT_OPTIMIZATION_LEVEL = "-O";
				VALIDATE_PRODUCT = YES;
			};
			name = Release;
		};
		EE1DE231238B773D004AB632 /* Debug */ = {
			isa = XCBuildConfiguration;
			buildSettings = {
				ASSETCATALOG_COMPILER_APPICON_NAME = AppIcon;
				CODE_SIGN_STYLE = Automatic;
				CURRENT_PROJECT_VERSION = 1.0;
				DEVELOPMENT_TEAM = W4JY5996A9;
				INFOPLIST_FILE = Box/App/Info.plist;
				IPHONEOS_DEPLOYMENT_TARGET = 10.0;
				LD_RUNPATH_SEARCH_PATHS = (
					"$(inherited)",
					"@executable_path/Frameworks",
				);
				PRODUCT_BUNDLE_IDENTIFIER = yan.SwiftTest;
				PRODUCT_NAME = "$(TARGET_NAME)";
				SWIFT_VERSION = 5.0;
				TARGETED_DEVICE_FAMILY = "1,2";
			};
			name = Debug;
		};
		EE1DE232238B773D004AB632 /* Release */ = {
			isa = XCBuildConfiguration;
			buildSettings = {
				ASSETCATALOG_COMPILER_APPICON_NAME = AppIcon;
				CODE_SIGN_STYLE = Automatic;
				CURRENT_PROJECT_VERSION = 1.0;
				DEVELOPMENT_TEAM = W4JY5996A9;
				INFOPLIST_FILE = Box/App/Info.plist;
				IPHONEOS_DEPLOYMENT_TARGET = 10.0;
				LD_RUNPATH_SEARCH_PATHS = (
					"$(inherited)",
					"@executable_path/Frameworks",
				);
				PRODUCT_BUNDLE_IDENTIFIER = yan.SwiftTest;
				PRODUCT_NAME = "$(TARGET_NAME)";
				SWIFT_VERSION = 5.0;
				TARGETED_DEVICE_FAMILY = "1,2";
			};
			name = Release;
		};
/* End XCBuildConfiguration section */

/* Begin XCConfigurationList section */
		EE1DE217238B773B004AB632 /* Build configuration list for PBXProject "Box" */ = {
			isa = XCConfigurationList;
			buildConfigurations = (
				EE1DE22E238B773D004AB632 /* Debug */,
				EE1DE22F238B773D004AB632 /* Release */,
			);
			defaultConfigurationIsVisible = 0;
			defaultConfigurationName = Release;
		};
		EE1DE230238B773D004AB632 /* Build configuration list for PBXNativeTarget "Box" */ = {
			isa = XCConfigurationList;
			buildConfigurations = (
				EE1DE231238B773D004AB632 /* Debug */,
				EE1DE232238B773D004AB632 /* Release */,
			);
			defaultConfigurationIsVisible = 0;
			defaultConfigurationName = Release;
		};
/* End XCConfigurationList section */

/* Begin XCRemoteSwiftPackageReference section */
		EE1DE239238BB0CF004AB632 /* XCRemoteSwiftPackageReference "SnapKit" */ = {
			isa = XCRemoteSwiftPackageReference;
			repositoryURL = "https://github.com/SnapKit/SnapKit.git";
			requirement = {
				kind = upToNextMajorVersion;
				minimumVersion = 5.0.1;
			};
		};
		EEBB86B7238CD82000BAA966 /* XCRemoteSwiftPackageReference "Closures" */ = {
			isa = XCRemoteSwiftPackageReference;
			repositoryURL = "https://github.com/vhesener/Closures";
			requirement = {
				kind = revision;
				revision = d42d1cea00b05fa6778e2a0e1601028b47a32f79;
			};
		};
		EEBB86BC238E471E00BAA966 /* XCRemoteSwiftPackageReference "SwifterSwift" */ = {
			isa = XCRemoteSwiftPackageReference;
			repositoryURL = "https://github.com/SwifterSwift/SwifterSwift.git";
			requirement = {
				kind = upToNextMajorVersion;
				minimumVersion = 5.1.0;
			};
		};
/* End XCRemoteSwiftPackageReference section */

/* Begin XCSwiftPackageProductDependency section */
		EE1DE23A238BB0CF004AB632 /* SnapKit */ = {
			isa = XCSwiftPackageProductDependency;
			package = EE1DE239238BB0CF004AB632 /* XCRemoteSwiftPackageReference "SnapKit" */;
			productName = SnapKit;
		};
		EEBB86B8238CD82000BAA966 /* Closures */ = {
			isa = XCSwiftPackageProductDependency;
			package = EEBB86B7238CD82000BAA966 /* XCRemoteSwiftPackageReference "Closures" */;
			productName = Closures;
		};
		EEBB86BD238E471E00BAA966 /* SwifterSwift */ = {
			isa = XCSwiftPackageProductDependency;
			package = EEBB86BC238E471E00BAA966 /* XCRemoteSwiftPackageReference "SwifterSwift" */;
			productName = SwifterSwift;
		};
/* End XCSwiftPackageProductDependency section */
	};
	rootObject = EE1DE214238B773B004AB632 /* Project object */;
}
