{
  "object": {
    "pins": [
      {
        "package": "Closures",
        "repositoryURL": "https://github.com/vhesener/Closures",
        "state": {
          "branch": null,
          "revision": "d42d1cea00b05fa6778e2a0e1601028b47a32f79",
          "version": null
        }
      },
      {
        "package": "SnapKit",
        "repositoryURL": "https://github.com/SnapKit/SnapKit.git",
        "state": {
          "branch": null,
          "revision": "d458564516e5676af9c70b4f4b2a9178294f1bc6",
          "version": "5.0.1"
        }
      },
      {
        "package": "SwifterSwift",
        "repositoryURL": "https://github.com/SwifterSwift/SwifterSwift.git",
        "state": {
          "branch": null,
          "revision": "f9f0c151aa70d3199eff512b903d1f8cff7ff856",
          "version": "5.1.0"
        }
      }
    ]
  },
  "version": 1
}
