// !$*UTF8*$!
{
	archiveVersion = 1;
	classes = {
	};
	objectVersion = 52;
	objects = {

/* Begin PBXBuildFile section */
		EE64C8EC23C5D23800E4612E /* AppDelegate.swift in Sources */ = {isa = PBXBuildFile; fileRef = EE64C8EB23C5D23800E4612E /* AppDelegate.swift */; };
		EE64C8EE23C5D23800E4612E /* ViewController.swift in Sources */ = {isa = PBXBuildFile; fileRef = EE64C8ED23C5D23800E4612E /* ViewController.swift */; };
		EE64C8F023C5D23A00E4612E /* Assets.xcassets in Resources */ = {isa = PBXBuildFile; fileRef = EE64C8EF23C5D23A00E4612E /* Assets.xcassets */; };
		EE64C8F323C5D23A00E4612E /* Main.storyboard in Resources */ = {isa = PBXBuildFile; fileRef = EE64C8F123C5D23A00E4612E /* Main.storyboard */; };
		EE64C8FD23C5D36200E4612E /* Moya in Frameworks */ = {isa = PBXBuildFile; productRef = EE64C8FC23C5D36200E4612E /* Moya */; };
		EE64C8FF23C5D36200E4612E /* ReactiveMoya in Frameworks */ = {isa = PBXBuildFile; productRef = EE64C8FE23C5D36200E4612E /* ReactiveMoya */; };
		EE64C90123C5D36200E4612E /* RxMoya in Frameworks */ = {isa = PBXBuildFile; productRef = EE64C90023C5D36200E4612E /* RxMoya */; };
/* End PBXBuildFile section */

/* Begin PBXFileReference section */
		EE64C8E823C5D23800E4612E /* MoyaTestMac.app */ = {isa = PBXFileReference; explicitFileType = wrapper.application; includeInIndex = 0; path = MoyaTestMac.app; sourceTree = BUILT_PRODUCTS_DIR; };
		EE64C8EB23C5D23800E4612E /* AppDelegate.swift */ = {isa = PBXFileReference; lastKnownFileType = sourcecode.swift; path = AppDelegate.swift; sourceTree = "<group>"; };
		EE64C8ED23C5D23800E4612E /* ViewController.swift */ = {isa = PBXFileReference; lastKnownFileType = sourcecode.swift; path = ViewController.swift; sourceTree = "<group>"; };
		EE64C8EF23C5D23A00E4612E /* Assets.xcassets */ = {isa = PBXFileReference; lastKnownFileType = folder.assetcatalog; path = Assets.xcassets; sourceTree = "<group>"; };
		EE64C8F223C5D23A00E4612E /* Base */ = {isa = PBXFileReference; lastKnownFileType = file.storyboard; name = Base; path = Base.lproj/Main.storyboard; sourceTree = "<group>"; };
		EE64C8F423C5D23A00E4612E /* Info.plist */ = {isa = PBXFileReference; lastKnownFileType = text.plist.xml; path = Info.plist; sourceTree = "<group>"; };
		EE64C8F523C5D23A00E4612E /* MoyaTestMac.entitlements */ = {isa = PBXFileReference; lastKnownFileType = text.plist.entitlements; path = MoyaTestMac.entitlements; sourceTree = "<group>"; };
/* End PBXFileReference section */

/* Begin PBXFrameworksBuildPhase section */
		EE64C8E523C5D23800E4612E /* Frameworks */ = {
			isa = PBXFrameworksBuildPhase;
			buildActionMask = 2147483647;
			files = (
				EE64C90123C5D36200E4612E /* RxMoya in Frameworks */,
				EE64C8FD23C5D36200E4612E /* Moya in Frameworks */,
				EE64C8FF23C5D36200E4612E /* ReactiveMoya in Frameworks */,
			);
			runOnlyForDeploymentPostprocessing = 0;
		};
/* End PBXFrameworksBuildPhase section */

/* Begin PBXGroup section */
		EE64C8DF23C5D23800E4612E = {
			isa = PBXGroup;
			children = (
				EE64C8EA23C5D23800E4612E /* MoyaTestMac */,
				EE64C8E923C5D23800E4612E /* Products */,
			);
			sourceTree = "<group>";
		};
		EE64C8E923C5D23800E4612E /* Products */ = {
			isa = PBXGroup;
			children = (
				EE64C8E823C5D23800E4612E /* MoyaTestMac.app */,
			);
			name = Products;
			sourceTree = "<group>";
		};
		EE64C8EA23C5D23800E4612E /* MoyaTestMac */ = {
			isa = PBXGroup;
			children = (
				EE64C8EB23C5D23800E4612E /* AppDelegate.swift */,
				EE64C8ED23C5D23800E4612E /* ViewController.swift */,
				EE64C8EF23C5D23A00E4612E /* Assets.xcassets */,
				EE64C8F123C5D23A00E4612E /* Main.storyboard */,
				EE64C8F423C5D23A00E4612E /* Info.plist */,
				EE64C8F523C5D23A00E4612E /* MoyaTestMac.entitlements */,
			);
			path = MoyaTestMac;
			sourceTree = "<group>";
		};
/* End PBXGroup section */

/* Begin PBXNativeTarget section */
		EE64C8E723C5D23800E4612E /* MoyaTestMac */ = {
			isa = PBXNativeTarget;
			buildConfigurationList = EE64C8F823C5D23A00E4612E /* Build configuration list for PBXNativeTarget "MoyaTestMac" */;
			buildPhases = (
				EE64C8E423C5D23800E4612E /* Sources */,
				EE64C8E523C5D23800E4612E /* Frameworks */,
				EE64C8E623C5D23800E4612E /* Resources */,
			);
			buildRules = (
			);
			dependencies = (
			);
			name = MoyaTestMac;
			packageProductDependencies = (
				EE64C8FC23C5D36200E4612E /* Moya */,
				EE64C8FE23C5D36200E4612E /* ReactiveMoya */,
				EE64C90023C5D36200E4612E /* RxMoya */,
			);
			productName = MoyaTestMac;
			productReference = EE64C8E823C5D23800E4612E /* MoyaTestMac.app */;
			productType = "com.apple.product-type.application";
		};
/* End PBXNativeTarget section */

/* Begin PBXProject section */
		EE64C8E023C5D23800E4612E /* Project object */ = {
			isa = PBXProject;
			attributes = {
				LastSwiftUpdateCheck = 1130;
				LastUpgradeCheck = 1130;
				ORGANIZATIONNAME = yan;
				TargetAttributes = {
					EE64C8E723C5D23800E4612E = {
						CreatedOnToolsVersion = 11.3;
					};
				};
			};
			buildConfigurationList = EE64C8E323C5D23800E4612E /* Build configuration list for PBXProject "MoyaTestMac" */;
			compatibilityVersion = "Xcode 9.3";
			developmentRegion = en;
			hasScannedForEncodings = 0;
			knownRegions = (
				en,
				Base,
			);
			mainGroup = EE64C8DF23C5D23800E4612E;
			packageReferences = (
				EE64C8FB23C5D36200E4612E /* XCRemoteSwiftPackageReference "Moya" */,
			);
			productRefGroup = EE64C8E923C5D23800E4612E /* Products */;
			projectDirPath = "";
			projectRoot = "";
			targets = (
				EE64C8E723C5D23800E4612E /* MoyaTestMac */,
			);
		};
/* End PBXProject section */

/* Begin PBXResourcesBuildPhase section */
		EE64C8E623C5D23800E4612E /* Resources */ = {
			isa = PBXResourcesBuildPhase;
			buildActionMask = 2147483647;
			files = (
				EE64C8F023C5D23A00E4612E /* Assets.xcassets in Resources */,
				EE64C8F323C5D23A00E4612E /* Main.storyboard in Resources */,
			);
			runOnlyForDeploymentPostprocessing = 0;
		};
/* End PBXResourcesBuildPhase section */

/* Begin PBXSourcesBuildPhase section */
		EE64C8E423C5D23800E4612E /* Sources */ = {
			isa = PBXSourcesBuildPhase;
			buildActionMask = 2147483647;
			files = (
				EE64C8EE23C5D23800E4612E /* ViewController.swift in Sources */,
				EE64C8EC23C5D23800E4612E /* AppDelegate.swift in Sources */,
			);
			runOnlyForDeploymentPostprocessing = 0;
		};
/* End PBXSourcesBuildPhase section */

/* Begin PBXVariantGroup section */
		EE64C8F123C5D23A00E4612E /* Main.storyboard */ = {
			isa = PBXVariantGroup;
			children = (
				EE64C8F223C5D23A00E4612E /* Base */,
			);
			name = Main.storyboard;
			sourceTree = "<group>";
		};
/* End PBXVariantGroup section */

/* Begin XCBuildConfiguration section */
		EE64C8F623C5D23A00E4612E /* Debug */ = {
			isa = XCBuildConfiguration;
			buildSettings = {
				ALWAYS_SEARCH_USER_PATHS = NO;
				CLANG_ANALYZER_NONNULL = YES;
				CLANG_ANALYZER_NUMBER_OBJECT_CONVERSION = YES_AGGRESSIVE;
				CLANG_CXX_LANGUAGE_STANDARD = "gnu++14";
				CLANG_CXX_LIBRARY = "libc++";
				CLANG_ENABLE_MODULES = YES;
				CLANG_ENABLE_OBJC_ARC = YES;
				CLANG_ENABLE_OBJC_WEAK = YES;
				CLANG_WARN_BLOCK_CAPTURE_AUTORELEASING = YES;
				CLANG_WARN_BOOL_CONVERSION = YES;
				CLANG_WARN_COMMA = YES;
				CLANG_WARN_CONSTANT_CONVERSION = YES;
				CLANG_WARN_DEPRECATED_OBJC_IMPLEMENTATIONS = YES;
				CLANG_WARN_DIRECT_OBJC_ISA_USAGE = YES_ERROR;
				CLANG_WARN_DOCUMENTATION_COMMENTS = YES;
				CLANG_WARN_EMPTY_BODY = YES;
				CLANG_WARN_ENUM_CONVERSION = YES;
				CLANG_WARN_INFINITE_RECURSION = YES;
				CLANG_WARN_INT_CONVERSION = YES;
				CLANG_WARN_NON_LITERAL_NULL_CONVERSION = YES;
				CLANG_WARN_OBJC_IMPLICIT_RETAIN_SELF = YES;
				CLANG_WARN_OBJC_LITERAL_CONVERSION = YES;
				CLANG_WARN_OBJC_ROOT_CLASS = YES_ERROR;
				CLANG_WARN_RANGE_LOOP_ANALYSIS = YES;
				CLANG_WARN_STRICT_PROTOTYPES = YES;
				CLANG_WARN_SUSPICIOUS_MOVE = YES;
				CLANG_WARN_UNGUARDED_AVAILABILITY = YES_AGGRESSIVE;
				CLANG_WARN_UNREACHABLE_CODE = YES;
				CLANG_WARN__DUPLICATE_METHOD_MATCH = YES;
				COPY_PHASE_STRIP = NO;
				DEBUG_INFORMATION_FORMAT = dwarf;
				ENABLE_STRICT_OBJC_MSGSEND = YES;
				ENABLE_TESTABILITY = YES;
				GCC_C_LANGUAGE_STANDARD = gnu11;
				GCC_DYNAMIC_NO_PIC = NO;
				GCC_NO_COMMON_BLOCKS = YES;
				GCC_OPTIMIZATION_LEVEL = 0;
				GCC_PREPROCESSOR_DEFINITIONS = (
					"DEBUG=1",
					"$(inherited)",
				);
				GCC_WARN_64_TO_32_BIT_CONVERSION = YES;
				GCC_WARN_ABOUT_RETURN_TYPE = YES_ERROR;
				GCC_WARN_UNDECLARED_SELECTOR = YES;
				GCC_WARN_UNINITIALIZED_AUTOS = YES_AGGRESSIVE;
				GCC_WARN_UNUSED_FUNCTION = YES;
				GCC_WARN_UNUSED_VARIABLE = YES;
				MACOSX_DEPLOYMENT_TARGET = 10.15;
				MTL_ENABLE_DEBUG_INFO = INCLUDE_SOURCE;
				MTL_FAST_MATH = YES;
				ONLY_ACTIVE_ARCH = YES;
				SDKROOT = macosx;
				SWIFT_ACTIVE_COMPILATION_CONDITIONS = DEBUG;
				SWIFT_OPTIMIZATION_LEVEL = "-Onone";
			};
			name = Debug;
		};
		EE64C8F723C5D23A00E4612E /* Release */ = {
			isa = XCBuildConfiguration;
			buildSettings = {
				ALWAYS_SEARCH_USER_PATHS = NO;
				CLANG_ANALYZER_NONNULL = YES;
				CLANG_ANALYZER_NUMBER_OBJECT_CONVERSION = YES_AGGRESSIVE;
				CLANG_CXX_LANGUAGE_STANDARD = "gnu++14";
				CLANG_CXX_LIBRARY = "libc++";
				CLANG_ENABLE_MODULES = YES;
				CLANG_ENABLE_OBJC_ARC = YES;
				CLANG_ENABLE_OBJC_WEAK = YES;
				CLANG_WARN_BLOCK_CAPTURE_AUTORELEASING = YES;
				CLANG_WARN_BOOL_CONVERSION = YES;
				CLANG_WARN_COMMA = YES;
				CLANG_WARN_CONSTANT_CONVERSION = YES;
				CLANG_WARN_DEPRECATED_OBJC_IMPLEMENTATIONS = YES;
				CLANG_WARN_DIRECT_OBJC_ISA_USAGE = YES_ERROR;
				CLANG_WARN_DOCUMENTATION_COMMENTS = YES;
				CLANG_WARN_EMPTY_BODY = YES;
				CLANG_WARN_ENUM_CONVERSION = YES;
				CLANG_WARN_INFINITE_RECURSION = YES;
				CLANG_WARN_INT_CONVERSION = YES;
				CLANG_WARN_NON_LITERAL_NULL_CONVERSION = YES;
				CLANG_WARN_OBJC_IMPLICIT_RETAIN_SELF = YES;
				CLANG_WARN_OBJC_LITERAL_CONVERSION = YES;
				CLANG_WARN_OBJC_ROOT_CLASS = YES_ERROR;
				CLANG_WARN_RANGE_LOOP_ANALYSIS = YES;
				CLANG_WARN_STRICT_PROTOTYPES = YES;
				CLANG_WARN_SUSPICIOUS_MOVE = YES;
				CLANG_WARN_UNGUARDED_AVAILABILITY = YES_AGGRESSIVE;
				CLANG_WARN_UNREACHABLE_CODE = YES;
				CLANG_WARN__DUPLICATE_METHOD_MATCH = YES;
				COPY_PHASE_STRIP = NO;
				DEBUG_INFORMATION_FORMAT = "dwarf-with-dsym";
				ENABLE_NS_ASSERTIONS = NO;
				ENABLE_STRICT_OBJC_MSGSEND = YES;
				GCC_C_LANGUAGE_STANDARD = gnu11;
				GCC_NO_COMMON_BLOCKS = YES;
				GCC_WARN_64_TO_32_BIT_CONVERSION = YES;
				GCC_WARN_ABOUT_RETURN_TYPE = YES_ERROR;
				GCC_WARN_UNDECLARED_SELECTOR = YES;
				GCC_WARN_UNINITIALIZED_AUTOS = YES_AGGRESSIVE;
				GCC_WARN_UNUSED_FUNCTION = YES;
				GCC_WARN_UNUSED_VARIABLE = YES;
				MACOSX_DEPLOYMENT_TARGET = 10.15;
				MTL_ENABLE_DEBUG_INFO = NO;
				MTL_FAST_MATH = YES;
				SDKROOT = macosx;
				SWIFT_COMPILATION_MODE = wholemodule;
				SWIFT_OPTIMIZATION_LEVEL = "-O";
			};
			name = Release;
		};
		EE64C8F923C5D23A00E4612E /* Debug */ = {
			isa = XCBuildConfiguration;
			buildSettings = {
				ASSETCATALOG_COMPILER_APPICON_NAME = AppIcon;
				CODE_SIGN_ENTITLEMENTS = MoyaTestMac/MoyaTestMac.entitlements;
				CODE_SIGN_STYLE = Automatic;
				COMBINE_HIDPI_IMAGES = YES;
				INFOPLIST_FILE = MoyaTestMac/Info.plist;
				LD_RUNPATH_SEARCH_PATHS = (
					"$(inherited)",
					"@executable_path/../Frameworks",
				);
				PRODUCT_BUNDLE_IDENTIFIER = yan.MoyaTestMac;
				PRODUCT_NAME = "$(TARGET_NAME)";
				SWIFT_VERSION = 5.0;
			};
			name = Debug;
		};
		EE64C8FA23C5D23A00E4612E /* Release */ = {
			isa = XCBuildConfiguration;
			buildSettings = {
				ASSETCATALOG_COMPILER_APPICON_NAME = AppIcon;
				CODE_SIGN_ENTITLEMENTS = MoyaTestMac/MoyaTestMac.entitlements;
				CODE_SIGN_STYLE = Automatic;
				COMBINE_HIDPI_IMAGES = YES;
				INFOPLIST_FILE = MoyaTestMac/Info.plist;
				LD_RUNPATH_SEARCH_PATHS = (
					"$(inherited)",
					"@executable_path/../Frameworks",
				);
				PRODUCT_BUNDLE_IDENTIFIER = yan.MoyaTestMac;
				PRODUCT_NAME = "$(TARGET_NAME)";
				SWIFT_VERSION = 5.0;
			};
			name = Release;
		};
/* End XCBuildConfiguration section */

/* Begin XCConfigurationList section */
		EE64C8E323C5D23800E4612E /* Build configuration list for PBXProject "MoyaTestMac" */ = {
			isa = XCConfigurationList;
			buildConfigurations = (
				EE64C8F623C5D23A00E4612E /* Debug */,
				EE64C8F723C5D23A00E4612E /* Release */,
			);
			defaultConfigurationIsVisible = 0;
			defaultConfigurationName = Release;
		};
		EE64C8F823C5D23A00E4612E /* Build configuration list for PBXNativeTarget "MoyaTestMac" */ = {
			isa = XCConfigurationList;
			buildConfigurations = (
				EE64C8F923C5D23A00E4612E /* Debug */,
				EE64C8FA23C5D23A00E4612E /* Release */,
			);
			defaultConfigurationIsVisible = 0;
			defaultConfigurationName = Release;
		};
/* End XCConfigurationList section */

/* Begin XCRemoteSwiftPackageReference section */
		EE64C8FB23C5D36200E4612E /* XCRemoteSwiftPackageReference "Moya" */ = {
			isa = XCRemoteSwiftPackageReference;
			repositoryURL = "https://github.com/Moya/Moya.git";
			requirement = {
				kind = upToNextMajorVersion;
				minimumVersion = 13.0.1;
			};
		};
/* End XCRemoteSwiftPackageReference section */

/* Begin XCSwiftPackageProductDependency section */
		EE64C8FC23C5D36200E4612E /* Moya */ = {
			isa = XCSwiftPackageProductDependency;
			package = EE64C8FB23C5D36200E4612E /* XCRemoteSwiftPackageReference "Moya" */;
			productName = Moya;
		};
		EE64C8FE23C5D36200E4612E /* ReactiveMoya */ = {
			isa = XCSwiftPackageProductDependency;
			package = EE64C8FB23C5D36200E4612E /* XCRemoteSwiftPackageReference "Moya" */;
			productName = ReactiveMoya;
		};
		EE64C90023C5D36200E4612E /* RxMoya */ = {
			isa = XCSwiftPackageProductDependency;
			package = EE64C8FB23C5D36200E4612E /* XCRemoteSwiftPackageReference "Moya" */;
			productName = RxMoya;
		};
/* End XCSwiftPackageProductDependency section */
	};
	rootObject = EE64C8E023C5D23800E4612E /* Project object */;
}
